
Microsoft Visual Studio Solution File, Format Version 12.00
# Visual Studio Version 17
VisualStudioVersion = 17.10.34928.147
MinimumVisualStudioVersion = 10.0.40219.1
Project("{FAE04EC0-301F-11D3-BF4B-00C04F79EFBC}") = "AngularApp13.Server", "AngularApp13.Server\AngularApp13.Server.csproj", "{02B1801D-A092-4BAE-90A8-6C8DC5F8298B}"
EndProject
Project("{54A90642-561A-4BB1-A94E-469ADEE60C69}") = "angularapp13.client", "angularapp13.client\angularapp13.client.esproj", "{61E20033-96D4-431C-8A11-07835A4D2AF1}"
EndProject
Global
	GlobalSection(SolutionConfigurationPlatforms) = preSolution
		Debug|Any CPU = Debug|Any CPU
		Release|Any CPU = Release|Any CPU
	EndGlobalSection
	GlobalSection(ProjectConfigurationPlatforms) = postSolution
		{02B1801D-A092-4BAE-90A8-6C8DC5F8298B}.Debug|Any CPU.ActiveCfg = Debug|Any CPU
		{02B1801D-A092-4BAE-90A8-6C8DC5F8298B}.Debug|Any CPU.Build.0 = Debug|Any CPU
		{02B1801D-A092-4BAE-90A8-6C8DC5F8298B}.Release|Any CPU.ActiveCfg = Release|Any CPU
		{02B1801D-A092-4BAE-90A8-6C8DC5F8298B}.Release|Any CPU.Build.0 = Release|Any CPU
		{61E20033-96D4-431C-8A11-07835A4D2AF1}.Debug|Any CPU.ActiveCfg = Debug|Any CPU
		{61E20033-96D4-431C-8A11-07835A4D2AF1}.Debug|Any CPU.Build.0 = Debug|Any CPU
		{61E20033-96D4-431C-8A11-07835A4D2AF1}.Debug|Any CPU.Deploy.0 = Debug|Any CPU
		{61E20033-96D4-431C-8A11-07835A4D2AF1}.Release|Any CPU.ActiveCfg = Release|Any CPU
		{61E20033-96D4-431C-8A11-07835A4D2AF1}.Release|Any CPU.Build.0 = Release|Any CPU
		{61E20033-96D4-431C-8A11-07835A4D2AF1}.Release|Any CPU.Deploy.0 = Release|Any CPU
	EndGlobalSection
	GlobalSection(SolutionProperties) = preSolution
		HideSolutionNode = FALSE
	EndGlobalSection
	GlobalSection(ExtensibilityGlobals) = postSolution
		SolutionGuid = {93C44F97-CD76-4726-A8FC-74FDF766272D}
	EndGlobalSection
EndGlobal
